// !$*UTF8*$!
{
	archiveVersion = 1;
	classes = {
	};
	objectVersion = 56;
	objects = {

/* Begin PBXBuildFile section */
		040E78532A37882B00613A1B /* ShotclocktrackerApp.swift in Sources */ = {isa = PBXBuildFile; fileRef = 040E78522A37882B00613A1B /* ShotclocktrackerApp.swift */; };
		040E78552A37882B00613A1B /* ContentView.swift in Sources */ = {isa = PBXBuildFile; fileRef = 040E78542A37882B00613A1B /* ContentView.swift */; };
		040E78572A37882C00613A1B /* Assets.xcassets in Resources */ = {isa = PBXBuildFile; fileRef = 040E78562A37882C00613A1B /* Assets.xcassets */; };
		040E785A2A37882C00613A1B /* Preview Assets.xcassets in Resources */ = {isa = PBXBuildFile; fileRef = 040E78592A37882C00613A1B /* Preview Assets.xcassets */; };
		040E786E2A37882D00613A1B /* ShotclocktrackerUITests.swift in Sources */ = {isa = PBXBuildFile; fileRef = 040E786D2A37882D00613A1B /* ShotclocktrackerUITests.swift */; };
		043CCB0A2A3F0AC300E5E54D /* CustomButtonStyle.swift in Sources */ = {isa = PBXBuildFile; fileRef = 043CCB092A3F0AC300E5E54D /* CustomButtonStyle.swift */; };
		045B78D72A3F2A1900EB6285 /* InformationView.swift in Sources */ = {isa = PBXBuildFile; fileRef = 045B78D62A3F2A1900EB6285 /* InformationView.swift */; };
		0461C1AA2A435A6200F37D53 /* OnBoardingView.swift in Sources */ = {isa = PBXBuildFile; fileRef = 0461C1A92A435A6200F37D53 /* OnBoardingView.swift */; };
		0461C1B72A449AB000F37D53 /* Localizable.strings in Resources */ = {isa = PBXBuildFile; fileRef = 0461C1B92A449AB000F37D53 /* Localizable.strings */; };
		0461C1BC2A44A32000F37D53 /* UiLocalizationTests.swift in Sources */ = {isa = PBXBuildFile; fileRef = 0461C1BB2A44A32000F37D53 /* UiLocalizationTests.swift */; };
		04B250C52A4B38AB0027DD5F /* ShotClockApplication.swift in Sources */ = {isa = PBXBuildFile; fileRef = 04B250C42A4B38AB0027DD5F /* ShotClockApplication.swift */; };
		04B250C72A4C85810027DD5F /* ShotClockPage.swift in Sources */ = {isa = PBXBuildFile; fileRef = 04B250C62A4C85810027DD5F /* ShotClockPage.swift */; };
		04B250C92A4C85A10027DD5F /* Page.swift in Sources */ = {isa = PBXBuildFile; fileRef = 04B250C82A4C85A10027DD5F /* Page.swift */; };
		04B250CB2A4C85C60027DD5F /* OnBoardingPage.swift in Sources */ = {isa = PBXBuildFile; fileRef = 04B250CA2A4C85C60027DD5F /* OnBoardingPage.swift */; };
		04B250CD2A4C85E70027DD5F /* InformationPage.swift in Sources */ = {isa = PBXBuildFile; fileRef = 04B250CC2A4C85E70027DD5F /* InformationPage.swift */; };
/* End PBXBuildFile section */

/* Begin PBXContainerItemProxy section */
		040E786A2A37882D00613A1B /* PBXContainerItemProxy */ = {
			isa = PBXContainerItemProxy;
			containerPortal = 040E78472A37882B00613A1B /* Project object */;
			proxyType = 1;
			remoteGlobalIDString = 040E784E2A37882B00613A1B;
			remoteInfo = shotclocktracker;
		};
/* End PBXContainerItemProxy section */

/* Begin PBXFileReference section */
		040E784F2A37882B00613A1B /* 24Seconds.app */ = {isa = PBXFileReference; explicitFileType = wrapper.application; includeInIndex = 0; path = 24Seconds.app; sourceTree = BUILT_PRODUCTS_DIR; };
		040E78522A37882B00613A1B /* ShotclocktrackerApp.swift */ = {isa = PBXFileReference; lastKnownFileType = sourcecode.swift; path = ShotclocktrackerApp.swift; sourceTree = "<group>"; };
		040E78542A37882B00613A1B /* ContentView.swift */ = {isa = PBXFileReference; lastKnownFileType = sourcecode.swift; path = ContentView.swift; sourceTree = "<group>"; };
		040E78562A37882C00613A1B /* Assets.xcassets */ = {isa = PBXFileReference; lastKnownFileType = folder.assetcatalog; path = Assets.xcassets; sourceTree = "<group>"; };
		040E78592A37882C00613A1B /* Preview Assets.xcassets */ = {isa = PBXFileReference; lastKnownFileType = folder.assetcatalog; path = "Preview Assets.xcassets"; sourceTree = "<group>"; };
		040E78692A37882D00613A1B /* shotclocktrackerUITests.xctest */ = {isa = PBXFileReference; explicitFileType = wrapper.cfbundle; includeInIndex = 0; path = shotclocktrackerUITests.xctest; sourceTree = BUILT_PRODUCTS_DIR; };
		040E786D2A37882D00613A1B /* ShotclocktrackerUITests.swift */ = {isa = PBXFileReference; lastKnownFileType = sourcecode.swift; path = ShotclocktrackerUITests.swift; sourceTree = "<group>"; };
		043CCB092A3F0AC300E5E54D /* CustomButtonStyle.swift */ = {isa = PBXFileReference; lastKnownFileType = sourcecode.swift; path = CustomButtonStyle.swift; sourceTree = "<group>"; };
		045B78D62A3F2A1900EB6285 /* InformationView.swift */ = {isa = PBXFileReference; lastKnownFileType = sourcecode.swift; path = InformationView.swift; sourceTree = "<group>"; };
		0461C1A92A435A6200F37D53 /* OnBoardingView.swift */ = {isa = PBXFileReference; lastKnownFileType = sourcecode.swift; path = OnBoardingView.swift; sourceTree = "<group>"; };
		0461C1B82A449AB000F37D53 /* en */ = {isa = PBXFileReference; lastKnownFileType = text.plist.strings; name = en; path = en.lproj/Localizable.strings; sourceTree = "<group>"; };
		0461C1BA2A449AB600F37D53 /* de */ = {isa = PBXFileReference; lastKnownFileType = text.plist.strings; name = de; path = de.lproj/Localizable.strings; sourceTree = "<group>"; };
		0461C1BB2A44A32000F37D53 /* UiLocalizationTests.swift */ = {isa = PBXFileReference; lastKnownFileType = sourcecode.swift; path = UiLocalizationTests.swift; sourceTree = "<group>"; };
		04B250C42A4B38AB0027DD5F /* ShotClockApplication.swift */ = {isa = PBXFileReference; lastKnownFileType = sourcecode.swift; path = ShotClockApplication.swift; sourceTree = "<group>"; };
		04B250C62A4C85810027DD5F /* ShotClockPage.swift */ = {isa = PBXFileReference; lastKnownFileType = sourcecode.swift; path = ShotClockPage.swift; sourceTree = "<group>"; };
		04B250C82A4C85A10027DD5F /* Page.swift */ = {isa = PBXFileReference; lastKnownFileType = sourcecode.swift; path = Page.swift; sourceTree = "<group>"; };
		04B250CA2A4C85C60027DD5F /* OnBoardingPage.swift */ = {isa = PBXFileReference; lastKnownFileType = sourcecode.swift; path = OnBoardingPage.swift; sourceTree = "<group>"; };
		04B250CC2A4C85E70027DD5F /* InformationPage.swift */ = {isa = PBXFileReference; lastKnownFileType = sourcecode.swift; path = InformationPage.swift; sourceTree = "<group>"; };
		04C9D60A2A48249100DFD896 /* Info.plist */ = {isa = PBXFileReference; lastKnownFileType = text.plist; path = Info.plist; sourceTree = "<group>"; };
/* End PBXFileReference section */

/* Begin PBXFrameworksBuildPhase section */
		040E784C2A37882B00613A1B /* Frameworks */ = {
			isa = PBXFrameworksBuildPhase;
			buildActionMask = 2147483647;
			files = (
			);
			runOnlyForDeploymentPostprocessing = 0;
		};
		040E78662A37882D00613A1B /* Frameworks */ = {
			isa = PBXFrameworksBuildPhase;
			buildActionMask = 2147483647;
			files = (
			);
			runOnlyForDeploymentPostprocessing = 0;
		};
/* End PBXFrameworksBuildPhase section */

/* Begin PBXGroup section */
		040E78462A37882B00613A1B = {
			isa = PBXGroup;
			children = (
				0461C1B92A449AB000F37D53 /* Localizable.strings */,
				040E78512A37882B00613A1B /* shotclocktracker */,
				040E786C2A37882D00613A1B /* shotclocktrackerUITests */,
				040E78502A37882B00613A1B /* Products */,
			);
			sourceTree = "<group>";
		};
		040E78502A37882B00613A1B /* Products */ = {
			isa = PBXGroup;
			children = (
				040E784F2A37882B00613A1B /* 24Seconds.app */,
				040E78692A37882D00613A1B /* shotclocktrackerUITests.xctest */,
			);
			name = Products;
			sourceTree = "<group>";
		};
		040E78512A37882B00613A1B /* shotclocktracker */ = {
			isa = PBXGroup;
			children = (
				04C9D60A2A48249100DFD896 /* Info.plist */,
				040E78522A37882B00613A1B /* ShotclocktrackerApp.swift */,
				040E78542A37882B00613A1B /* ContentView.swift */,
				040E78562A37882C00613A1B /* Assets.xcassets */,
				043CCB092A3F0AC300E5E54D /* CustomButtonStyle.swift */,
				045B78D62A3F2A1900EB6285 /* InformationView.swift */,
				0461C1A92A435A6200F37D53 /* OnBoardingView.swift */,
				040E78582A37882C00613A1B /* Preview Content */,
			);
			path = shotclocktracker;
			sourceTree = "<group>";
		};
		040E78582A37882C00613A1B /* Preview Content */ = {
			isa = PBXGroup;
			children = (
				040E78592A37882C00613A1B /* Preview Assets.xcassets */,
			);
			path = "Preview Content";
			sourceTree = "<group>";
		};
		040E786C2A37882D00613A1B /* shotclocktrackerUITests */ = {
			isa = PBXGroup;
			children = (
				04B250C32A4B37270027DD5F /* AccessLayer */,
				040E786D2A37882D00613A1B /* ShotclocktrackerUITests.swift */,
				0461C1BB2A44A32000F37D53 /* UiLocalizationTests.swift */,
			);
			path = shotclocktrackerUITests;
			sourceTree = "<group>";
		};
		04B250C32A4B37270027DD5F /* AccessLayer */ = {
			isa = PBXGroup;
			children = (
				04B250C42A4B38AB0027DD5F /* ShotClockApplication.swift */,
				04B250C62A4C85810027DD5F /* ShotClockPage.swift */,
				04B250C82A4C85A10027DD5F /* Page.swift */,
				04B250CA2A4C85C60027DD5F /* OnBoardingPage.swift */,
				04B250CC2A4C85E70027DD5F /* InformationPage.swift */,
			);
			path = AccessLayer;
			sourceTree = "<group>";
		};
/* End PBXGroup section */

/* Begin PBXNativeTarget section */
		040E784E2A37882B00613A1B /* shotclocktracker */ = {
			isa = PBXNativeTarget;
			buildConfigurationList = 040E78732A37882D00613A1B /* Build configuration list for PBXNativeTarget "shotclocktracker" */;
			buildPhases = (
				040E784B2A37882B00613A1B /* Sources */,
				040E784C2A37882B00613A1B /* Frameworks */,
				040E784D2A37882B00613A1B /* Resources */,
				040E787C2A3A0DA300613A1B /* ShellScript */,
			);
			buildRules = (
			);
			dependencies = (
			);
			name = shotclocktracker;
			productName = shotclocktracker;
			productReference = 040E784F2A37882B00613A1B /* 24Seconds.app */;
			productType = "com.apple.product-type.application";
		};
		040E78682A37882D00613A1B /* shotclocktrackerUITests */ = {
			isa = PBXNativeTarget;
			buildConfigurationList = 040E78792A37882D00613A1B /* Build configuration list for PBXNativeTarget "shotclocktrackerUITests" */;
			buildPhases = (
				040E78652A37882D00613A1B /* Sources */,
				040E78662A37882D00613A1B /* Frameworks */,
				040E78672A37882D00613A1B /* Resources */,
			);
			buildRules = (
			);
			dependencies = (
				040E786B2A37882D00613A1B /* PBXTargetDependency */,
			);
			name = shotclocktrackerUITests;
			productName = shotclocktrackerUITests;
			productReference = 040E78692A37882D00613A1B /* shotclocktrackerUITests.xctest */;
			productType = "com.apple.product-type.bundle.ui-testing";
		};
/* End PBXNativeTarget section */

/* Begin PBXProject section */
		040E78472A37882B00613A1B /* Project object */ = {
			isa = PBXProject;
			attributes = {
				BuildIndependentTargetsInParallel = 1;
				LastSwiftUpdateCheck = 1430;
				LastUpgradeCheck = 1430;
				TargetAttributes = {
					040E784E2A37882B00613A1B = {
						CreatedOnToolsVersion = 14.3.1;
					};
					040E78682A37882D00613A1B = {
						CreatedOnToolsVersion = 14.3.1;
						TestTargetID = 040E784E2A37882B00613A1B;
					};
				};
			};
			buildConfigurationList = 040E784A2A37882B00613A1B /* Build configuration list for PBXProject "shotclocktracker" */;
			compatibilityVersion = "Xcode 14.0";
			developmentRegion = en;
			hasScannedForEncodings = 0;
			knownRegions = (
				en,
				Base,
				de,
			);
			mainGroup = 040E78462A37882B00613A1B;
			productRefGroup = 040E78502A37882B00613A1B /* Products */;
			projectDirPath = "";
			projectRoot = "";
			targets = (
				040E784E2A37882B00613A1B /* shotclocktracker */,
				040E78682A37882D00613A1B /* shotclocktrackerUITests */,
			);
		};
/* End PBXProject section */

/* Begin PBXResourcesBuildPhase section */
		040E784D2A37882B00613A1B /* Resources */ = {
			isa = PBXResourcesBuildPhase;
			buildActionMask = 2147483647;
			files = (
				040E785A2A37882C00613A1B /* Preview Assets.xcassets in Resources */,
				0461C1B72A449AB000F37D53 /* Localizable.strings in Resources */,
				040E78572A37882C00613A1B /* Assets.xcassets in Resources */,
			);
			runOnlyForDeploymentPostprocessing = 0;
		};
		040E78672A37882D00613A1B /* Resources */ = {
			isa = PBXResourcesBuildPhase;
			buildActionMask = 2147483647;
			files = (
			);
			runOnlyForDeploymentPostprocessing = 0;
		};
/* End PBXResourcesBuildPhase section */

/* Begin PBXShellScriptBuildPhase section */
		040E787C2A3A0DA300613A1B /* ShellScript */ = {
			isa = PBXShellScriptBuildPhase;
			alwaysOutOfDate = 1;
			buildActionMask = 2147483647;
			files = (
			);
			inputFileListPaths = (
			);
			inputPaths = (
			);
			outputFileListPaths = (
			);
			outputPaths = (
			);
			runOnlyForDeploymentPostprocessing = 0;
			shellPath = /bin/sh;
			shellScript = "if which swiftlint >/dev/null; then\n  swiftlint\nelse\n  echo \"warning: SwiftLint not installed, download from https://github.com/realm/SwiftLint\"\nfi\n";
		};
/* End PBXShellScriptBuildPhase section */

/* Begin PBXSourcesBuildPhase section */
		040E784B2A37882B00613A1B /* Sources */ = {
			isa = PBXSourcesBuildPhase;
			buildActionMask = 2147483647;
			files = (
				043CCB0A2A3F0AC300E5E54D /* CustomButtonStyle.swift in Sources */,
				045B78D72A3F2A1900EB6285 /* InformationView.swift in Sources */,
				040E78552A37882B00613A1B /* ContentView.swift in Sources */,
				0461C1AA2A435A6200F37D53 /* OnBoardingView.swift in Sources */,
				040E78532A37882B00613A1B /* ShotclocktrackerApp.swift in Sources */,
			);
			runOnlyForDeploymentPostprocessing = 0;
		};
		040E78652A37882D00613A1B /* Sources */ = {
			isa = PBXSourcesBuildPhase;
			buildActionMask = 2147483647;
			files = (
				0461C1BC2A44A32000F37D53 /* UiLocalizationTests.swift in Sources */,
				04B250CB2A4C85C60027DD5F /* OnBoardingPage.swift in Sources */,
				04B250C72A4C85810027DD5F /* ShotClockPage.swift in Sources */,
				040E786E2A37882D00613A1B /* ShotclocktrackerUITests.swift in Sources */,
				04B250CD2A4C85E70027DD5F /* InformationPage.swift in Sources */,
				04B250C52A4B38AB0027DD5F /* ShotClockApplication.swift in Sources */,
				04B250C92A4C85A10027DD5F /* Page.swift in Sources */,
			);
			runOnlyForDeploymentPostprocessing = 0;
		};
/* End PBXSourcesBuildPhase section */

/* Begin PBXTargetDependency section */
		040E786B2A37882D00613A1B /* PBXTargetDependency */ = {
			isa = PBXTargetDependency;
			target = 040E784E2A37882B00613A1B /* shotclocktracker */;
			targetProxy = 040E786A2A37882D00613A1B /* PBXContainerItemProxy */;
		};
/* End PBXTargetDependency section */

/* Begin PBXVariantGroup section */
		0461C1B92A449AB000F37D53 /* Localizable.strings */ = {
			isa = PBXVariantGroup;
			children = (
				0461C1B82A449AB000F37D53 /* en */,
				0461C1BA2A449AB600F37D53 /* de */,
			);
			name = Localizable.strings;
			sourceTree = "<group>";
		};
/* End PBXVariantGroup section */

/* Begin XCBuildConfiguration section */
		040E78712A37882D00613A1B /* Debug */ = {
			isa = XCBuildConfiguration;
			buildSettings = {
				ALWAYS_SEARCH_USER_PATHS = NO;
				CLANG_ANALYZER_NONNULL = YES;
				CLANG_ANALYZER_NUMBER_OBJECT_CONVERSION = YES_AGGRESSIVE;
				CLANG_CXX_LANGUAGE_STANDARD = "gnu++20";
				CLANG_ENABLE_MODULES = YES;
				CLANG_ENABLE_OBJC_ARC = YES;
				CLANG_ENABLE_OBJC_WEAK = YES;
				CLANG_WARN_BLOCK_CAPTURE_AUTORELEASING = YES;
				CLANG_WARN_BOOL_CONVERSION = YES;
				CLANG_WARN_COMMA = YES;
				CLANG_WARN_CONSTANT_CONVERSION = YES;
				CLANG_WARN_DEPRECATED_OBJC_IMPLEMENTATIONS = YES;
				CLANG_WARN_DIRECT_OBJC_ISA_USAGE = YES_ERROR;
				CLANG_WARN_DOCUMENTATION_COMMENTS = YES;
				CLANG_WARN_EMPTY_BODY = YES;
				CLANG_WARN_ENUM_CONVERSION = YES;
				CLANG_WARN_INFINITE_RECURSION = YES;
				CLANG_WARN_INT_CONVERSION = YES;
				CLANG_WARN_NON_LITERAL_NULL_CONVERSION = YES;
				CLANG_WARN_OBJC_IMPLICIT_RETAIN_SELF = YES;
				CLANG_WARN_OBJC_LITERAL_CONVERSION = YES;
				CLANG_WARN_OBJC_ROOT_CLASS = YES_ERROR;
				CLANG_WARN_QUOTED_INCLUDE_IN_FRAMEWORK_HEADER = YES;
				CLANG_WARN_RANGE_LOOP_ANALYSIS = YES;
				CLANG_WARN_STRICT_PROTOTYPES = YES;
				CLANG_WARN_SUSPICIOUS_MOVE = YES;
				CLANG_WARN_UNGUARDED_AVAILABILITY = YES_AGGRESSIVE;
				CLANG_WARN_UNREACHABLE_CODE = YES;
				CLANG_WARN__DUPLICATE_METHOD_MATCH = YES;
				COPY_PHASE_STRIP = NO;
				DEBUG_INFORMATION_FORMAT = dwarf;
				ENABLE_STRICT_OBJC_MSGSEND = YES;
				ENABLE_TESTABILITY = YES;
				GCC_C_LANGUAGE_STANDARD = gnu11;
				GCC_DYNAMIC_NO_PIC = NO;
				GCC_NO_COMMON_BLOCKS = YES;
				GCC_OPTIMIZATION_LEVEL = 0;
				GCC_PREPROCESSOR_DEFINITIONS = (
					"DEBUG=1",
					"$(inherited)",
				);
				GCC_WARN_64_TO_32_BIT_CONVERSION = YES;
				GCC_WARN_ABOUT_RETURN_TYPE = YES_ERROR;
				GCC_WARN_UNDECLARED_SELECTOR = YES;
				GCC_WARN_UNINITIALIZED_AUTOS = YES_AGGRESSIVE;
				GCC_WARN_UNUSED_FUNCTION = YES;
				GCC_WARN_UNUSED_VARIABLE = YES;
				IPHONEOS_DEPLOYMENT_TARGET = 16.4;
				MTL_ENABLE_DEBUG_INFO = INCLUDE_SOURCE;
				MTL_FAST_MATH = YES;
				ONLY_ACTIVE_ARCH = YES;
				SDKROOT = iphoneos;
				SWIFT_ACTIVE_COMPILATION_CONDITIONS = DEBUG;
				SWIFT_OPTIMIZATION_LEVEL = "-Onone";
			};
			name = Debug;
		};
		040E78722A37882D00613A1B /* Release */ = {
			isa = XCBuildConfiguration;
			buildSettings = {
				ALWAYS_SEARCH_USER_PATHS = NO;
				CLANG_ANALYZER_NONNULL = YES;
				CLANG_ANALYZER_NUMBER_OBJECT_CONVERSION = YES_AGGRESSIVE;
				CLANG_CXX_LANGUAGE_STANDARD = "gnu++20";
				CLANG_ENABLE_MODULES = YES;
				CLANG_ENABLE_OBJC_ARC = YES;
				CLANG_ENABLE_OBJC_WEAK = YES;
				CLANG_WARN_BLOCK_CAPTURE_AUTORELEASING = YES;
				CLANG_WARN_BOOL_CONVERSION = YES;
				CLANG_WARN_COMMA = YES;
				CLANG_WARN_CONSTANT_CONVERSION = YES;
				CLANG_WARN_DEPRECATED_OBJC_IMPLEMENTATIONS = YES;
				CLANG_WARN_DIRECT_OBJC_ISA_USAGE = YES_ERROR;
				CLANG_WARN_DOCUMENTATION_COMMENTS = YES;
				CLANG_WARN_EMPTY_BODY = YES;
				CLANG_WARN_ENUM_CONVERSION = YES;
				CLANG_WARN_INFINITE_RECURSION = YES;
				CLANG_WARN_INT_CONVERSION = YES;
				CLANG_WARN_NON_LITERAL_NULL_CONVERSION = YES;
				CLANG_WARN_OBJC_IMPLICIT_RETAIN_SELF = YES;
				CLANG_WARN_OBJC_LITERAL_CONVERSION = YES;
				CLANG_WARN_OBJC_ROOT_CLASS = YES_ERROR;
				CLANG_WARN_QUOTED_INCLUDE_IN_FRAMEWORK_HEADER = YES;
				CLANG_WARN_RANGE_LOOP_ANALYSIS = YES;
				CLANG_WARN_STRICT_PROTOTYPES = YES;
				CLANG_WARN_SUSPICIOUS_MOVE = YES;
				CLANG_WARN_UNGUARDED_AVAILABILITY = YES_AGGRESSIVE;
				CLANG_WARN_UNREACHABLE_CODE = YES;
				CLANG_WARN__DUPLICATE_METHOD_MATCH = YES;
				COPY_PHASE_STRIP = NO;
				DEBUG_INFORMATION_FORMAT = "dwarf-with-dsym";
				ENABLE_NS_ASSERTIONS = NO;
				ENABLE_STRICT_OBJC_MSGSEND = YES;
				GCC_C_LANGUAGE_STANDARD = gnu11;
				GCC_NO_COMMON_BLOCKS = YES;
				GCC_WARN_64_TO_32_BIT_CONVERSION = YES;
				GCC_WARN_ABOUT_RETURN_TYPE = YES_ERROR;
				GCC_WARN_UNDECLARED_SELECTOR = YES;
				GCC_WARN_UNINITIALIZED_AUTOS = YES_AGGRESSIVE;
				GCC_WARN_UNUSED_FUNCTION = YES;
				GCC_WARN_UNUSED_VARIABLE = YES;
				IPHONEOS_DEPLOYMENT_TARGET = 16.4;
				MTL_ENABLE_DEBUG_INFO = NO;
				MTL_FAST_MATH = YES;
				SDKROOT = iphoneos;
				SWIFT_COMPILATION_MODE = wholemodule;
				SWIFT_OPTIMIZATION_LEVEL = "-O";
				VALIDATE_PRODUCT = YES;
			};
			name = Release;
		};
		040E78742A37882D00613A1B /* Debug */ = {
			isa = XCBuildConfiguration;
			buildSettings = {
				ASSETCATALOG_COMPILER_APPICON_NAME = AppIcon;
				ASSETCATALOG_COMPILER_GLOBAL_ACCENT_COLOR_NAME = AccentColor;
				CODE_SIGN_STYLE = Automatic;
				CURRENT_PROJECT_VERSION = 1;
				DEVELOPMENT_ASSET_PATHS = "\"shotclocktracker/Preview Content\"";
				DEVELOPMENT_TEAM = 7EYZK72C89;
				ENABLE_PREVIEWS = YES;
				GENERATE_INFOPLIST_FILE = YES;
				INFOPLIST_FILE = shotclocktracker/Info.plist;
				INFOPLIST_KEY_CFBundleDisplayName = 24Seconds;
				INFOPLIST_KEY_LSApplicationCategoryType = "public.app-category.sports";
				INFOPLIST_KEY_UIApplicationSceneManifest_Generation = YES;
				INFOPLIST_KEY_UIApplicationSupportsIndirectInputEvents = YES;
				INFOPLIST_KEY_UILaunchScreen_Generation = YES;
				INFOPLIST_KEY_UISupportedInterfaceOrientations = UIInterfaceOrientationPortrait;
				INFOPLIST_KEY_UISupportedInterfaceOrientations_iPad = "UIInterfaceOrientationLandscapeLeft UIInterfaceOrientationLandscapeRight UIInterfaceOrientationPortrait UIInterfaceOrientationPortraitUpsideDown";
				LD_RUNPATH_SEARCH_PATHS = (
					"$(inherited)",
					"@executable_path/Frameworks",
				);
				MARKETING_VERSION = 1.0.0;
				PRODUCT_BUNDLE_IDENTIFIER = phisch.shotclocktracker;
				PRODUCT_NAME = 24Seconds;
				SUPPORTED_PLATFORMS = "iphoneos iphonesimulator";
				SUPPORTS_MACCATALYST = NO;
				SUPPORTS_MAC_DESIGNED_FOR_IPHONE_IPAD = NO;
				SWIFT_EMIT_LOC_STRINGS = YES;
				SWIFT_VERSION = 5.0;
				TARGETED_DEVICE_FAMILY = 1;
			};
			name = Debug;
		};
		040E78752A37882D00613A1B /* Release */ = {
			isa = XCBuildConfiguration;
			buildSettings = {
				ASSETCATALOG_COMPILER_APPICON_NAME = AppIcon;
				ASSETCATALOG_COMPILER_GLOBAL_ACCENT_COLOR_NAME = AccentColor;
				CODE_SIGN_STYLE = Automatic;
				CURRENT_PROJECT_VERSION = 1;
				DEVELOPMENT_ASSET_PATHS = "\"shotclocktracker/Preview Content\"";
				DEVELOPMENT_TEAM = 7EYZK72C89;
				ENABLE_PREVIEWS = YES;
				GENERATE_INFOPLIST_FILE = YES;
				INFOPLIST_FILE = shotclocktracker/Info.plist;
				INFOPLIST_KEY_CFBundleDisplayName = 24Seconds;
				INFOPLIST_KEY_LSApplicationCategoryType = "public.app-category.sports";
				INFOPLIST_KEY_UIApplicationSceneManifest_Generation = YES;
				INFOPLIST_KEY_UIApplicationSupportsIndirectInputEvents = YES;
				INFOPLIST_KEY_UILaunchScreen_Generation = YES;
				INFOPLIST_KEY_UISupportedInterfaceOrientations = UIInterfaceOrientationPortrait;
				INFOPLIST_KEY_UISupportedInterfaceOrientations_iPad = "UIInterfaceOrientationLandscapeLeft UIInterfaceOrientationLandscapeRight UIInterfaceOrientationPortrait UIInterfaceOrientationPortraitUpsideDown";
				LD_RUNPATH_SEARCH_PATHS = (
					"$(inherited)",
					"@executable_path/Frameworks",
				);
				MARKETING_VERSION = 1.0.0;
				PRODUCT_BUNDLE_IDENTIFIER = phisch.shotclocktracker;
				PRODUCT_NAME = 24Seconds;
				SUPPORTED_PLATFORMS = "iphoneos iphonesimulator";
				SUPPORTS_MACCATALYST = NO;
				SUPPORTS_MAC_DESIGNED_FOR_IPHONE_IPAD = NO;
				SWIFT_EMIT_LOC_STRINGS = YES;
				SWIFT_VERSION = 5.0;
				TARGETED_DEVICE_FAMILY = 1;
			};
			name = Release;
		};
		040E787A2A37882D00613A1B /* Debug */ = {
			isa = XCBuildConfiguration;
			buildSettings = {
				ALWAYS_EMBED_SWIFT_STANDARD_LIBRARIES = YES;
				CODE_SIGN_STYLE = Automatic;
				CURRENT_PROJECT_VERSION = 1;
				DEVELOPMENT_TEAM = 7EYZK72C89;
				GENERATE_INFOPLIST_FILE = YES;
				MARKETING_VERSION = 1.0;
				PRODUCT_BUNDLE_IDENTIFIER = phisch.shotclocktrackerUITests;
				PRODUCT_NAME = "$(TARGET_NAME)";
				SUPPORTED_PLATFORMS = "iphoneos iphonesimulator";
				SUPPORTS_MACCATALYST = NO;
				SUPPORTS_MAC_DESIGNED_FOR_IPHONE_IPAD = NO;
				SWIFT_EMIT_LOC_STRINGS = NO;
				SWIFT_VERSION = 5.0;
				TARGETED_DEVICE_FAMILY = 1;
				TEST_TARGET_NAME = shotclocktracker;
			};
			name = Debug;
		};
		040E787B2A37882D00613A1B /* Release */ = {
			isa = XCBuildConfiguration;
			buildSettings = {
				ALWAYS_EMBED_SWIFT_STANDARD_LIBRARIES = YES;
				CODE_SIGN_STYLE = Automatic;
				CURRENT_PROJECT_VERSION = 1;
				DEVELOPMENT_TEAM = 7EYZK72C89;
				GENERATE_INFOPLIST_FILE = YES;
				MARKETING_VERSION = 1.0;
				PRODUCT_BUNDLE_IDENTIFIER = phisch.shotclocktrackerUITests;
				PRODUCT_NAME = "$(TARGET_NAME)";
				SUPPORTED_PLATFORMS = "iphoneos iphonesimulator";
				SUPPORTS_MACCATALYST = NO;
				SUPPORTS_MAC_DESIGNED_FOR_IPHONE_IPAD = NO;
				SWIFT_EMIT_LOC_STRINGS = NO;
				SWIFT_VERSION = 5.0;
				TARGETED_DEVICE_FAMILY = 1;
				TEST_TARGET_NAME = shotclocktracker;
			};
			name = Release;
		};
/* End XCBuildConfiguration section */

/* Begin XCConfigurationList section */
		040E784A2A37882B00613A1B /* Build configuration list for PBXProject "shotclocktracker" */ = {
			isa = XCConfigurationList;
			buildConfigurations = (
				040E78712A37882D00613A1B /* Debug */,
				040E78722A37882D00613A1B /* Release */,
			);
			defaultConfigurationIsVisible = 0;
			defaultConfigurationName = Release;
		};
		040E78732A37882D00613A1B /* Build configuration list for PBXNativeTarget "shotclocktracker" */ = {
			isa = XCConfigurationList;
			buildConfigurations = (
				040E78742A37882D00613A1B /* Debug */,
				040E78752A37882D00613A1B /* Release */,
			);
			defaultConfigurationIsVisible = 0;
			defaultConfigurationName = Release;
		};
		040E78792A37882D00613A1B /* Build configuration list for PBXNativeTarget "shotclocktrackerUITests" */ = {
			isa = XCConfigurationList;
			buildConfigurations = (
				040E787A2A37882D00613A1B /* Debug */,
				040E787B2A37882D00613A1B /* Release */,
			);
			defaultConfigurationIsVisible = 0;
			defaultConfigurationName = Release;
		};
/* End XCConfigurationList section */
	};
	rootObject = 040E78472A37882B00613A1B /* Project object */;
}
